
Microsoft Visual Studio Solution File, Format Version 12.00
# Visual Studio 15
VisualStudioVersion = 15.0.28307.421
MinimumVisualStudioVersion = 10.0.40219.1
Project("{FAE04EC0-301F-11D3-BF4B-00C04F79EFBC}") = "App.Web", "App.Web\App.Web.csproj", "{74655156-F9E0-49C6-8E29-6BAA4D9B6093}"
EndProject
Project("{FAE04EC0-301F-11D3-BF4B-00C04F79EFBC}") = "APP.BLL", "APP.BLL\APP.BLL.csproj", "{6926B2F3-A02E-4D8C-91A6-AC663872B468}"
EndProject
Project("{FAE04EC0-301F-11D3-BF4B-00C04F79EFBC}") = "APP.IBLL", "APP.IBLL\APP.IBLL.csproj", "{6639451E-E265-4A01-A743-9B05DD3A9AE1}"
EndProject
Project("{FAE04EC0-301F-11D3-BF4B-00C04F79EFBC}") = "APP.DAL", "APP.DAL\APP.DAL.csproj", "{B6EA3B8E-F5EE-4925-8BEE-C31A4184215B}"
EndProject
Project("{FAE04EC0-301F-11D3-BF4B-00C04F79EFBC}") = "APP.IDAL", "APP.IDAL\APP.IDAL.csproj", "{C0800A18-A6B8-49C4-ABE6-4538736C9412}"
EndProject
Project("{FAE04EC0-301F-11D3-BF4B-00C04F79EFBC}") = "APP.Common", "APP.Common\APP.Common.csproj", "{1F6302AA-6925-42BD-8967-6DAECAB6BC51}"
EndProject
Project("{FAE04EC0-301F-11D3-BF4B-00C04F79EFBC}") = "App.Entity", "App.Entity\App.Entity.csproj", "{DE3C32B2-F8AF-4C28-88F9-49E3EC35DC35}"
EndProject
Project("{FAE04EC0-301F-11D3-BF4B-00C04F79EFBC}") = "APP.Core", "APP.Core\APP.Core.csproj", "{FAB2431E-4975-4703-AAA5-ECBA9495081C}"
EndProject
Project("{FAE04EC0-301F-11D3-BF4B-00C04F79EFBC}") = "APP.Model", "APP.Model\APP.Model.csproj", "{92849D7C-D985-4615-909B-8BF9E3F82B58}"
EndProject
Global
	GlobalSection(SolutionConfigurationPlatforms) = preSolution
		Debug|Any CPU = Debug|Any CPU
		Release|Any CPU = Release|Any CPU
	EndGlobalSection
	GlobalSection(ProjectConfigurationPlatforms) = postSolution
		{74655156-F9E0-49C6-8E29-6BAA4D9B6093}.Debug|Any CPU.ActiveCfg = Debug|Any CPU
		{74655156-F9E0-49C6-8E29-6BAA4D9B6093}.Debug|Any CPU.Build.0 = Debug|Any CPU
		{74655156-F9E0-49C6-8E29-6BAA4D9B6093}.Release|Any CPU.ActiveCfg = Release|Any CPU
		{74655156-F9E0-49C6-8E29-6BAA4D9B6093}.Release|Any CPU.Build.0 = Release|Any CPU
		{6926B2F3-A02E-4D8C-91A6-AC663872B468}.Debug|Any CPU.ActiveCfg = Debug|Any CPU
		{6926B2F3-A02E-4D8C-91A6-AC663872B468}.Debug|Any CPU.Build.0 = Debug|Any CPU
		{6926B2F3-A02E-4D8C-91A6-AC663872B468}.Release|Any CPU.ActiveCfg = Release|Any CPU
		{6926B2F3-A02E-4D8C-91A6-AC663872B468}.Release|Any CPU.Build.0 = Release|Any CPU
		{6639451E-E265-4A01-A743-9B05DD3A9AE1}.Debug|Any CPU.ActiveCfg = Debug|Any CPU
		{6639451E-E265-4A01-A743-9B05DD3A9AE1}.Debug|Any CPU.Build.0 = Debug|Any CPU
		{6639451E-E265-4A01-A743-9B05DD3A9AE1}.Release|Any CPU.ActiveCfg = Release|Any CPU
		{6639451E-E265-4A01-A743-9B05DD3A9AE1}.Release|Any CPU.Build.0 = Release|Any CPU
		{B6EA3B8E-F5EE-4925-8BEE-C31A4184215B}.Debug|Any CPU.ActiveCfg = Debug|Any CPU
		{B6EA3B8E-F5EE-4925-8BEE-C31A4184215B}.Debug|Any CPU.Build.0 = Debug|Any CPU
		{B6EA3B8E-F5EE-4925-8BEE-C31A4184215B}.Release|Any CPU.ActiveCfg = Release|Any CPU
		{B6EA3B8E-F5EE-4925-8BEE-C31A4184215B}.Release|Any CPU.Build.0 = Release|Any CPU
		{C0800A18-A6B8-49C4-ABE6-4538736C9412}.Debug|Any CPU.ActiveCfg = Debug|Any CPU
		{C0800A18-A6B8-49C4-ABE6-4538736C9412}.Debug|Any CPU.Build.0 = Debug|Any CPU
		{C0800A18-A6B8-49C4-ABE6-4538736C9412}.Release|Any CPU.ActiveCfg = Release|Any CPU
		{C0800A18-A6B8-49C4-ABE6-4538736C9412}.Release|Any CPU.Build.0 = Release|Any CPU
		{1F6302AA-6925-42BD-8967-6DAECAB6BC51}.Debug|Any CPU.ActiveCfg = Debug|Any CPU
		{1F6302AA-6925-42BD-8967-6DAECAB6BC51}.Debug|Any CPU.Build.0 = Debug|Any CPU
		{1F6302AA-6925-42BD-8967-6DAECAB6BC51}.Release|Any CPU.ActiveCfg = Release|Any CPU
		{1F6302AA-6925-42BD-8967-6DAECAB6BC51}.Release|Any CPU.Build.0 = Release|Any CPU
		{DE3C32B2-F8AF-4C28-88F9-49E3EC35DC35}.Debug|Any CPU.ActiveCfg = Debug|Any CPU
		{DE3C32B2-F8AF-4C28-88F9-49E3EC35DC35}.Debug|Any CPU.Build.0 = Debug|Any CPU
		{DE3C32B2-F8AF-4C28-88F9-49E3EC35DC35}.Release|Any CPU.ActiveCfg = Release|Any CPU
		{DE3C32B2-F8AF-4C28-88F9-49E3EC35DC35}.Release|Any CPU.Build.0 = Release|Any CPU
		{FAB2431E-4975-4703-AAA5-ECBA9495081C}.Debug|Any CPU.ActiveCfg = Debug|Any CPU
		{FAB2431E-4975-4703-AAA5-ECBA9495081C}.Debug|Any CPU.Build.0 = Debug|Any CPU
		{FAB2431E-4975-4703-AAA5-ECBA9495081C}.Release|Any CPU.ActiveCfg = Release|Any CPU
		{FAB2431E-4975-4703-AAA5-ECBA9495081C}.Release|Any CPU.Build.0 = Release|Any CPU
		{92849D7C-D985-4615-909B-8BF9E3F82B58}.Debug|Any CPU.ActiveCfg = Debug|Any CPU
		{92849D7C-D985-4615-909B-8BF9E3F82B58}.Debug|Any CPU.Build.0 = Debug|Any CPU
		{92849D7C-D985-4615-909B-8BF9E3F82B58}.Release|Any CPU.ActiveCfg = Release|Any CPU
		{92849D7C-D985-4615-909B-8BF9E3F82B58}.Release|Any CPU.Build.0 = Release|Any CPU
	EndGlobalSection
	GlobalSection(SolutionProperties) = preSolution
		HideSolutionNode = FALSE
	EndGlobalSection
	GlobalSection(ExtensibilityGlobals) = postSolution
		SolutionGuid = {223AF719-0C83-4E03-B793-452B4EB5157B}
	EndGlobalSection
EndGlobal
